<Solution>
  <Folder Name="/src/">
    <Project Path="src/NightShift.Core/NightShift.Core.csproj" />
    <Project Path="src/NightShift.Desktop/NightShift.Desktop.csproj" />
  </Folder>
  <Folder Name="/tests/">
    <Project Path="tests/NightShift.Core.Tests/NightShift.Core.Tests.csproj" />
    <Project Path="tests/NightShift.Desktop.Tests/NightShift.Desktop.Tests.csproj" />
  </Folder>
</Solution>
